
Microsoft Visual Studio Solution File, Format Version 12.00
# Visual Studio Version 16
VisualStudioVersion = 16.0.31613.86
MinimumVisualStudioVersion = 10.0.40219.1
Project("{FAE04EC0-301F-11D3-BF4B-00C04F79EFBC}") = "201RDB249_1prakt", "201RDB249_1prakt\201RDB249_1prakt.csproj", "{2A18CA8B-A585-4F9A-8B4F-FF8E34DF8299}"
EndProject
Global
	GlobalSection(SolutionConfigurationPlatforms) = preSolution
		Debug|Any CPU = Debug|Any CPU
		Release|Any CPU = Release|Any CPU
	EndGlobalSection
	GlobalSection(ProjectConfigurationPlatforms) = postSolution
		{2A18CA8B-A585-4F9A-8B4F-FF8E34DF8299}.Debug|Any CPU.ActiveCfg = Debug|Any CPU
		{2A18CA8B-A585-4F9A-8B4F-FF8E34DF8299}.Debug|Any CPU.Build.0 = Debug|Any CPU
		{2A18CA8B-A585-4F9A-8B4F-FF8E34DF8299}.Release|Any CPU.ActiveCfg = Release|Any CPU
		{2A18CA8B-A585-4F9A-8B4F-FF8E34DF8299}.Release|Any CPU.Build.0 = Release|Any CPU
	EndGlobalSection
	GlobalSection(SolutionProperties) = preSolution
		HideSolutionNode = FALSE
	EndGlobalSection
	GlobalSection(ExtensibilityGlobals) = postSolution
		SolutionGuid = {0FE3AB55-4AE3-4D40-9FBD-A9AFBE5B04D7}
	EndGlobalSection
EndGlobal
